PODS:
  - Alamofire (5.4.1)
  - Kingfisher (6.1.1)
  - Moya (14.0.0):
    - Moya/Core (= 14.0.0)
  - Moya/Core (14.0.0):
    - Alamofire (~> 5.0)
  - PromiseKit (6.13.1):
    - PromiseKit/CorePromise (= 6.13.1)
    - PromiseKit/Foundation (= 6.13.1)
    - PromiseKit/UIKit (= 6.13.1)
  - PromiseKit/CorePromise (6.13.1)
  - PromiseKit/Foundation (6.13.1):
    - PromiseKit/CorePromise
  - PromiseKit/UIKit (6.13.1):
    - PromiseKit/CorePromise

DEPENDENCIES:
  - Kingfisher
  - Moya
  - PromiseKit

SPEC REPOS:
  trunk:
    - Alamofire
    - Kingfisher
    - Moya
    - PromiseKit

SPEC CHECKSUMS:
  Alamofire: 2291f7d21ca607c491dd17642e5d40fdcda0e65c
  Kingfisher: 676d63307fbef6ed5d5ed400bff36983480d7500
  Moya: 5b45dacb75adb009f97fde91c204c1e565d31916
  PromiseKit: 28fda91c973cc377875d8c0ea4f973013c05b6db

PODFILE CHECKSUM: 45a3aa08fec607460303cb188acda6d781b00ad3

COCOAPODS: 1.10.1
